
Microsoft Visual Studio Solution File, Format Version 12.00
# Visual Studio Version 17
VisualStudioVersion = 17.14.36414.22 d17.14
MinimumVisualStudioVersion = 10.0.40219.1
Project("{FAE04EC0-301F-11D3-BF4B-00C04F79EFBC}") = "второе", "второе\второе.csproj", "{A145D2BA-D0DB-4CEE-802B-C05929B8EAFA}"
EndProject
Global
	GlobalSection(SolutionConfigurationPlatforms) = preSolution
		Debug|Any CPU = Debug|Any CPU
		Release|Any CPU = Release|Any CPU
	EndGlobalSection
	GlobalSection(ProjectConfigurationPlatforms) = postSolution
		{A145D2BA-D0DB-4CEE-802B-C05929B8EAFA}.Debug|Any CPU.ActiveCfg = Debug|Any CPU
		{A145D2BA-D0DB-4CEE-802B-C05929B8EAFA}.Debug|Any CPU.Build.0 = Debug|Any CPU
		{A145D2BA-D0DB-4CEE-802B-C05929B8EAFA}.Release|Any CPU.ActiveCfg = Release|Any CPU
		{A145D2BA-D0DB-4CEE-802B-C05929B8EAFA}.Release|Any CPU.Build.0 = Release|Any CPU
	EndGlobalSection
	GlobalSection(SolutionProperties) = preSolution
		HideSolutionNode = FALSE
	EndGlobalSection
	GlobalSection(ExtensibilityGlobals) = postSolution
		SolutionGuid = {36F50DFE-4183-4C69-AF7D-3D24F3DA938F}
	EndGlobalSection
EndGlobal
